
Microsoft Visual Studio Solution File, Format Version 12.00
# Visual Studio Version 16
VisualStudioVersion = 16.0.30523.141
MinimumVisualStudioVersion = 10.0.40219.1
Project("{9A19103F-16F7-4668-BE54-9A1E7A4F7556}") = "PoP_2020", "PoP_2020\PoP_2020.csproj", "{5F1C6572-A09D-4849-8DC9-B555B35AF6EA}"
EndProject
Project("{9A19103F-16F7-4668-BE54-9A1E7A4F7556}") = "Lesson_01", "Lesson_01\Lesson_01.csproj", "{4D1A6218-BCD4-41F1-A1DB-1825F533E308}"
EndProject
Project("{9A19103F-16F7-4668-BE54-9A1E7A4F7556}") = "Lesson_02", "Lesson_02\Lesson_02.csproj", "{D752F23A-9ED0-4E08-9A9C-8DB63AE08652}"
EndProject
Project("{9A19103F-16F7-4668-BE54-9A1E7A4F7556}") = "Lesson_03", "Lesson_03\Lesson_03.csproj", "{92B54147-39E6-4BCD-A140-EC6A65F0942E}"
EndProject
Project("{FAE04EC0-301F-11D3-BF4B-00C04F79EFBC}") = "Lesson_04", "Lesson_04\Lesson_04.csproj", "{9D4B40EC-FAE5-46F8-B269-3261ACB0D45A}"
EndProject
Global
	GlobalSection(SolutionConfigurationPlatforms) = preSolution
		Debug|Any CPU = Debug|Any CPU
		Release|Any CPU = Release|Any CPU
	EndGlobalSection
	GlobalSection(ProjectConfigurationPlatforms) = postSolution
		{5F1C6572-A09D-4849-8DC9-B555B35AF6EA}.Debug|Any CPU.ActiveCfg = Debug|Any CPU
		{5F1C6572-A09D-4849-8DC9-B555B35AF6EA}.Debug|Any CPU.Build.0 = Debug|Any CPU
		{5F1C6572-A09D-4849-8DC9-B555B35AF6EA}.Release|Any CPU.ActiveCfg = Release|Any CPU
		{5F1C6572-A09D-4849-8DC9-B555B35AF6EA}.Release|Any CPU.Build.0 = Release|Any CPU
		{4D1A6218-BCD4-41F1-A1DB-1825F533E308}.Debug|Any CPU.ActiveCfg = Debug|Any CPU
		{4D1A6218-BCD4-41F1-A1DB-1825F533E308}.Debug|Any CPU.Build.0 = Debug|Any CPU
		{4D1A6218-BCD4-41F1-A1DB-1825F533E308}.Release|Any CPU.ActiveCfg = Release|Any CPU
		{4D1A6218-BCD4-41F1-A1DB-1825F533E308}.Release|Any CPU.Build.0 = Release|Any CPU
		{D752F23A-9ED0-4E08-9A9C-8DB63AE08652}.Debug|Any CPU.ActiveCfg = Debug|Any CPU
		{D752F23A-9ED0-4E08-9A9C-8DB63AE08652}.Debug|Any CPU.Build.0 = Debug|Any CPU
		{D752F23A-9ED0-4E08-9A9C-8DB63AE08652}.Release|Any CPU.ActiveCfg = Release|Any CPU
		{D752F23A-9ED0-4E08-9A9C-8DB63AE08652}.Release|Any CPU.Build.0 = Release|Any CPU
		{92B54147-39E6-4BCD-A140-EC6A65F0942E}.Debug|Any CPU.ActiveCfg = Debug|Any CPU
		{92B54147-39E6-4BCD-A140-EC6A65F0942E}.Debug|Any CPU.Build.0 = Debug|Any CPU
		{92B54147-39E6-4BCD-A140-EC6A65F0942E}.Release|Any CPU.ActiveCfg = Release|Any CPU
		{92B54147-39E6-4BCD-A140-EC6A65F0942E}.Release|Any CPU.Build.0 = Release|Any CPU
		{9D4B40EC-FAE5-46F8-B269-3261ACB0D45A}.Debug|Any CPU.ActiveCfg = Debug|Any CPU
		{9D4B40EC-FAE5-46F8-B269-3261ACB0D45A}.Debug|Any CPU.Build.0 = Debug|Any CPU
		{9D4B40EC-FAE5-46F8-B269-3261ACB0D45A}.Release|Any CPU.ActiveCfg = Release|Any CPU
		{9D4B40EC-FAE5-46F8-B269-3261ACB0D45A}.Release|Any CPU.Build.0 = Release|Any CPU
	EndGlobalSection
	GlobalSection(SolutionProperties) = preSolution
		HideSolutionNode = FALSE
	EndGlobalSection
	GlobalSection(ExtensibilityGlobals) = postSolution
		SolutionGuid = {72B4C9CA-4B40-4844-9C16-97C80854F043}
	EndGlobalSection
EndGlobal
